
Microsoft Visual Studio Solution File, Format Version 12.00
# Visual Studio Version 17
VisualStudioVersion = 17.4.33213.308
MinimumVisualStudioVersion = 10.0.40219.1
Project("{9A19103F-16F7-4668-BE54-9A1E7A4F7556}") = "BlazorEcommerce.Server", "BlazorEcommerce\Server\BlazorEcommerce.Server.csproj", "{52CACB36-A109-426D-B9DD-7D6E628DA343}"
EndProject
Project("{9A19103F-16F7-4668-BE54-9A1E7A4F7556}") = "BlazorEcommerce.Client", "BlazorEcommerce\Client\BlazorEcommerce.Client.csproj", "{02A4E09C-1CDE-4380-B8E3-B578209214E6}"
EndProject
Project("{9A19103F-16F7-4668-BE54-9A1E7A4F7556}") = "BlazorEcommerce.Shared", "BlazorEcommerce\Shared\BlazorEcommerce.Shared.csproj", "{56CEF5A5-8743-4134-B4D3-5C6FD687099E}"
EndProject
Global
	GlobalSection(SolutionConfigurationPlatforms) = preSolution
		Debug|Any CPU = Debug|Any CPU
		Release|Any CPU = Release|Any CPU
	EndGlobalSection
	GlobalSection(ProjectConfigurationPlatforms) = postSolution
		{52CACB36-A109-426D-B9DD-7D6E628DA343}.Debug|Any CPU.ActiveCfg = Debug|Any CPU
		{52CACB36-A109-426D-B9DD-7D6E628DA343}.Debug|Any CPU.Build.0 = Debug|Any CPU
		{52CACB36-A109-426D-B9DD-7D6E628DA343}.Release|Any CPU.ActiveCfg = Release|Any CPU
		{52CACB36-A109-426D-B9DD-7D6E628DA343}.Release|Any CPU.Build.0 = Release|Any CPU
		{02A4E09C-1CDE-4380-B8E3-B578209214E6}.Debug|Any CPU.ActiveCfg = Debug|Any CPU
		{02A4E09C-1CDE-4380-B8E3-B578209214E6}.Debug|Any CPU.Build.0 = Debug|Any CPU
		{02A4E09C-1CDE-4380-B8E3-B578209214E6}.Release|Any CPU.ActiveCfg = Release|Any CPU
		{02A4E09C-1CDE-4380-B8E3-B578209214E6}.Release|Any CPU.Build.0 = Release|Any CPU
		{56CEF5A5-8743-4134-B4D3-5C6FD687099E}.Debug|Any CPU.ActiveCfg = Debug|Any CPU
		{56CEF5A5-8743-4134-B4D3-5C6FD687099E}.Debug|Any CPU.Build.0 = Debug|Any CPU
		{56CEF5A5-8743-4134-B4D3-5C6FD687099E}.Release|Any CPU.ActiveCfg = Release|Any CPU
		{56CEF5A5-8743-4134-B4D3-5C6FD687099E}.Release|Any CPU.Build.0 = Release|Any CPU
	EndGlobalSection
	GlobalSection(SolutionProperties) = preSolution
		HideSolutionNode = FALSE
	EndGlobalSection
	GlobalSection(ExtensibilityGlobals) = postSolution
		SolutionGuid = {83CD1730-5D2A-4860-9CC6-0DAFF9008A09}
	EndGlobalSection
EndGlobal
